
Microsoft Visual Studio Solution File, Format Version 12.00
# Visual Studio Version 17
VisualStudioVersion = 17.13.35931.197
MinimumVisualStudioVersion = 10.0.40219.1
Project("{FAE04EC0-301F-11D3-BF4B-00C04F79EFBC}") = "MiningOps", "MiningOps\MiningOps.csproj", "{F193F57B-864B-412B-ACB6-00F8D2A9E5DB}"
EndProject
Global
	GlobalSection(SolutionConfigurationPlatforms) = preSolution
		Debug|Any CPU = Debug|Any CPU
		Release|Any CPU = Release|Any CPU
	EndGlobalSection
	GlobalSection(ProjectConfigurationPlatforms) = postSolution
		{F193F57B-864B-412B-ACB6-00F8D2A9E5DB}.Debug|Any CPU.ActiveCfg = Debug|Any CPU
		{F193F57B-864B-412B-ACB6-00F8D2A9E5DB}.Debug|Any CPU.Build.0 = Debug|Any CPU
		{F193F57B-864B-412B-ACB6-00F8D2A9E5DB}.Release|Any CPU.ActiveCfg = Release|Any CPU
		{F193F57B-864B-412B-ACB6-00F8D2A9E5DB}.Release|Any CPU.Build.0 = Release|Any CPU
	EndGlobalSection
	GlobalSection(SolutionProperties) = preSolution
		HideSolutionNode = FALSE
	EndGlobalSection
	GlobalSection(ExtensibilityGlobals) = postSolution
		SolutionGuid = {723979EF-90D4-4407-8955-EF4A6F64EDD4}
	EndGlobalSection
EndGlobal
